
Microsoft Visual Studio Solution File, Format Version 12.00
# Visual Studio 15
VisualStudioVersion = 15.0.28307.489
MinimumVisualStudioVersion = 10.0.40219.1
Project("{9A19103F-16F7-4668-BE54-9A1E7A4F7556}") = "Enlighten", "Enlighten\Enlighten.csproj", "{7939125A-9786-49FC-9BA0-89BF7556F919}"
EndProject
Project("{FAE04EC0-301F-11D3-BF4B-00C04F79EFBC}") = "Enlighten.Tests", "Enlighten.Tests\Enlighten.Tests.csproj", "{FFA5F9A9-5511-4A73-9015-135706CBA1E4}"
EndProject
Global
	GlobalSection(SolutionConfigurationPlatforms) = preSolution
		Debug|Any CPU = Debug|Any CPU
		Release|Any CPU = Release|Any CPU
	EndGlobalSection
	GlobalSection(ProjectConfigurationPlatforms) = postSolution
		{7939125A-9786-49FC-9BA0-89BF7556F919}.Debug|Any CPU.ActiveCfg = Debug|Any CPU
		{7939125A-9786-49FC-9BA0-89BF7556F919}.Debug|Any CPU.Build.0 = Debug|Any CPU
		{7939125A-9786-49FC-9BA0-89BF7556F919}.Release|Any CPU.ActiveCfg = Release|Any CPU
		{7939125A-9786-49FC-9BA0-89BF7556F919}.Release|Any CPU.Build.0 = Release|Any CPU
		{FFA5F9A9-5511-4A73-9015-135706CBA1E4}.Debug|Any CPU.ActiveCfg = Debug|Any CPU
		{FFA5F9A9-5511-4A73-9015-135706CBA1E4}.Debug|Any CPU.Build.0 = Debug|Any CPU
		{FFA5F9A9-5511-4A73-9015-135706CBA1E4}.Release|Any CPU.ActiveCfg = Release|Any CPU
		{FFA5F9A9-5511-4A73-9015-135706CBA1E4}.Release|Any CPU.Build.0 = Release|Any CPU
	EndGlobalSection
	GlobalSection(SolutionProperties) = preSolution
		HideSolutionNode = FALSE
	EndGlobalSection
	GlobalSection(ExtensibilityGlobals) = postSolution
		SolutionGuid = {F90B9556-E26B-4D0E-A6C8-40525D4FF2D1}
	EndGlobalSection
EndGlobal
